
Microsoft Visual Studio Solution File, Format Version 12.00
# Visual Studio Version 16
VisualStudioVersion = 16.0.30406.217
MinimumVisualStudioVersion = 10.0.40219.1
Project("{FAE04EC0-301F-11D3-BF4B-00C04F79EFBC}") = "GroupProject", "GroupProject\GroupProject.csproj", "{9841EE58-4603-4FF8-882E-9B143CAB7436}"
EndProject
Global
	GlobalSection(SolutionConfigurationPlatforms) = preSolution
		Debug|Any CPU = Debug|Any CPU
		Release|Any CPU = Release|Any CPU
	EndGlobalSection
	GlobalSection(ProjectConfigurationPlatforms) = postSolution
		{9841EE58-4603-4FF8-882E-9B143CAB7436}.Debug|Any CPU.ActiveCfg = Debug|Any CPU
		{9841EE58-4603-4FF8-882E-9B143CAB7436}.Debug|Any CPU.Build.0 = Debug|Any CPU
		{9841EE58-4603-4FF8-882E-9B143CAB7436}.Release|Any CPU.ActiveCfg = Release|Any CPU
		{9841EE58-4603-4FF8-882E-9B143CAB7436}.Release|Any CPU.Build.0 = Release|Any CPU
	EndGlobalSection
	GlobalSection(SolutionProperties) = preSolution
		HideSolutionNode = FALSE
	EndGlobalSection
	GlobalSection(ExtensibilityGlobals) = postSolution
		SolutionGuid = {9D2C52F6-9AEC-4B37-B61A-E9FF4537F997}
	EndGlobalSection
EndGlobal
